
Microsoft Visual Studio Solution File, Format Version 12.00
# Visual Studio Version 17
VisualStudioVersion = 17.11.35312.102
MinimumVisualStudioVersion = 10.0.40219.1
Project("{FAE04EC0-301F-11D3-BF4B-00C04F79EFBC}") = "CoworkingBlazor", "CoworkingBlazor\CoworkingBlazor.csproj", "{D47C1440-12A3-4146-B83E-407D6448E828}"
EndProject
Global
	GlobalSection(SolutionConfigurationPlatforms) = preSolution
		Debug|Any CPU = Debug|Any CPU
		Release|Any CPU = Release|Any CPU
	EndGlobalSection
	GlobalSection(ProjectConfigurationPlatforms) = postSolution
		{D47C1440-12A3-4146-B83E-407D6448E828}.Debug|Any CPU.ActiveCfg = Debug|Any CPU
		{D47C1440-12A3-4146-B83E-407D6448E828}.Debug|Any CPU.Build.0 = Debug|Any CPU
		{D47C1440-12A3-4146-B83E-407D6448E828}.Release|Any CPU.ActiveCfg = Release|Any CPU
		{D47C1440-12A3-4146-B83E-407D6448E828}.Release|Any CPU.Build.0 = Release|Any CPU
	EndGlobalSection
	GlobalSection(SolutionProperties) = preSolution
		HideSolutionNode = FALSE
	EndGlobalSection
	GlobalSection(ExtensibilityGlobals) = postSolution
		SolutionGuid = {47ABA885-B5EF-4A89-9DA8-E5F8EE6B9BB5}
	EndGlobalSection
EndGlobal
